
Microsoft Visual Studio Solution File, Format Version 11.00
# Visual Studio 2010
Project("{FAE04EC0-301F-11D3-BF4B-00C04F79EFBC}") = "Assembly-CSharp", "Assembly-CSharp.csproj", "{DAA94550-5676-FF04-3EDB-359059A9B02C}"
EndProject
Project("{FAE04EC0-301F-11D3-BF4B-00C04F79EFBC}") = "Assembly-CSharp-Editor", "Assembly-CSharp-Editor.csproj", "{4FAC3750-9EFB-17CC-81C5-26E97D4F2B25}"
EndProject
Global
	GlobalSection(SolutionConfigurationPlatforms) = preSolution
		Debug|Any CPU = Debug|Any CPU
		Release|Any CPU = Release|Any CPU
	EndGlobalSection
	GlobalSection(ProjectConfigurationPlatforms) = postSolution
		{DAA94550-5676-FF04-3EDB-359059A9B02C}.Debug|Any CPU.ActiveCfg = Debug|Any CPU
		{DAA94550-5676-FF04-3EDB-359059A9B02C}.Debug|Any CPU.Build.0 = Debug|Any CPU
		{DAA94550-5676-FF04-3EDB-359059A9B02C}.Release|Any CPU.ActiveCfg = Release|Any CPU
		{DAA94550-5676-FF04-3EDB-359059A9B02C}.Release|Any CPU.Build.0 = Release|Any CPU
		{4FAC3750-9EFB-17CC-81C5-26E97D4F2B25}.Debug|Any CPU.ActiveCfg = Debug|Any CPU
		{4FAC3750-9EFB-17CC-81C5-26E97D4F2B25}.Debug|Any CPU.Build.0 = Debug|Any CPU
		{4FAC3750-9EFB-17CC-81C5-26E97D4F2B25}.Release|Any CPU.ActiveCfg = Release|Any CPU
		{4FAC3750-9EFB-17CC-81C5-26E97D4F2B25}.Release|Any CPU.Build.0 = Release|Any CPU
	EndGlobalSection
	GlobalSection(SolutionProperties) = preSolution
		HideSolutionNode = FALSE
	EndGlobalSection
EndGlobal
